// !$*UTF8*$!
{
	archiveVersion = 1;
	classes = {
	};
	objectVersion = 50;
	objects = {

/* Begin PBXBuildFile section */
		566D515B22B33B2100238B6E /* AppDelegate.m in Sources */ = {isa = PBXBuildFile; fileRef = 566D515A22B33B2100238B6E /* AppDelegate.m */; };
		566D516122B33B2100238B6E /* Main.storyboard in Resources */ = {isa = PBXBuildFile; fileRef = 566D515F22B33B2100238B6E /* Main.storyboard */; };
		566D516422B33B2100238B6E /* Ironman3.xcdatamodeld in Sources */ = {isa = PBXBuildFile; fileRef = 566D516222B33B2100238B6E /* Ironman3.xcdatamodeld */; };
		566D516622B33B2300238B6E /* Assets.xcassets in Resources */ = {isa = PBXBuildFile; fileRef = 566D516522B33B2300238B6E /* Assets.xcassets */; };
		566D516922B33B2300238B6E /* LaunchScreen.storyboard in Resources */ = {isa = PBXBuildFile; fileRef = 566D516722B33B2300238B6E /* LaunchScreen.storyboard */; };
		566D516C22B33B2300238B6E /* main.m in Sources */ = {isa = PBXBuildFile; fileRef = 566D516B22B33B2300238B6E /* main.m */; };
		566D517A22B33D5D00238B6E /* DBManager.m in Sources */ = {isa = PBXBuildFile; fileRef = 566D517222B33D5D00238B6E /* DBManager.m */; };
		566D517B22B33D5D00238B6E /* f15_r12_RadarTrackData_traf.db in Resources */ = {isa = PBXBuildFile; fileRef = 566D517322B33D5D00238B6E /* f15_r12_RadarTrackData_traf.db */; };
		566D517C22B33D5D00238B6E /* AltusMappingEngine.framework in Frameworks */ = {isa = PBXBuildFile; fileRef = 566D517422B33D5D00238B6E /* AltusMappingEngine.framework */; };
		566D517D22B33D5D00238B6E /* nearby.png in Resources */ = {isa = PBXBuildFile; fileRef = 566D517622B33D5D00238B6E /* nearby.png */; };
		566D517E22B33D5D00238B6E /* Airplane-Top-View-PNG-715x715.png in Resources */ = {isa = PBXBuildFile; fileRef = 566D517722B33D5D00238B6E /* Airplane-Top-View-PNG-715x715.png */; };
		566D517F22B33D5D00238B6E /* ViewController.m in Sources */ = {isa = PBXBuildFile; fileRef = 566D517822B33D5D00238B6E /* ViewController.m */; };
		566D518222B33DD100238B6E /* MasterViewControllerTableViewController.m in Sources */ = {isa = PBXBuildFile; fileRef = 566D518122B33DD100238B6E /* MasterViewControllerTableViewController.m */; };
/* End PBXBuildFile section */

/* Begin PBXFileReference section */
		566D515622B33B2100238B6E /* Ironman3.app */ = {isa = PBXFileReference; explicitFileType = wrapper.application; includeInIndex = 0; path = Ironman3.app; sourceTree = BUILT_PRODUCTS_DIR; };
		566D515922B33B2100238B6E /* AppDelegate.h */ = {isa = PBXFileReference; lastKnownFileType = sourcecode.c.h; path = AppDelegate.h; sourceTree = "<group>"; };
		566D515A22B33B2100238B6E /* AppDelegate.m */ = {isa = PBXFileReference; lastKnownFileType = sourcecode.c.objc; path = AppDelegate.m; sourceTree = "<group>"; };
		566D516022B33B2100238B6E /* Base */ = {isa = PBXFileReference; lastKnownFileType = file.storyboard; name = Base; path = Base.lproj/Main.storyboard; sourceTree = "<group>"; };
		566D516322B33B2100238B6E /* Ironman3.xcdatamodel */ = {isa = PBXFileReference; lastKnownFileType = wrapper.xcdatamodel; path = Ironman3.xcdatamodel; sourceTree = "<group>"; };
		566D516522B33B2300238B6E /* Assets.xcassets */ = {isa = PBXFileReference; lastKnownFileType = folder.assetcatalog; path = Assets.xcassets; sourceTree = "<group>"; };
		566D516822B33B2300238B6E /* Base */ = {isa = PBXFileReference; lastKnownFileType = file.storyboard; name = Base; path = Base.lproj/LaunchScreen.storyboard; sourceTree = "<group>"; };
		566D516A22B33B2300238B6E /* Info.plist */ = {isa = PBXFileReference; lastKnownFileType = text.plist.xml; path = Info.plist; sourceTree = "<group>"; };
		566D516B22B33B2300238B6E /* main.m */ = {isa = PBXFileReference; lastKnownFileType = sourcecode.c.objc; path = main.m; sourceTree = "<group>"; };
		566D517222B33D5D00238B6E /* DBManager.m */ = {isa = PBXFileReference; fileEncoding = 4; lastKnownFileType = sourcecode.c.objc; path = DBManager.m; sourceTree = "<group>"; };
		566D517322B33D5D00238B6E /* f15_r12_RadarTrackData_traf.db */ = {isa = PBXFileReference; lastKnownFileType = file; path = f15_r12_RadarTrackData_traf.db; sourceTree = "<group>"; };
		566D517422B33D5D00238B6E /* AltusMappingEngine.framework */ = {isa = PBXFileReference; lastKnownFileType = wrapper.framework; path = AltusMappingEngine.framework; sourceTree = "<group>"; };
		566D517522B33D5D00238B6E /* DBManager.h */ = {isa = PBXFileReference; fileEncoding = 4; lastKnownFileType = sourcecode.c.h; path = DBManager.h; sourceTree = "<group>"; };
		566D517622B33D5D00238B6E /* nearby.png */ = {isa = PBXFileReference; lastKnownFileType = image.png; path = nearby.png; sourceTree = "<group>"; };
		566D517722B33D5D00238B6E /* Airplane-Top-View-PNG-715x715.png */ = {isa = PBXFileReference; lastKnownFileType = image.png; path = "Airplane-Top-View-PNG-715x715.png"; sourceTree = "<group>"; };
		566D517822B33D5D00238B6E /* ViewController.m */ = {isa = PBXFileReference; fileEncoding = 4; lastKnownFileType = sourcecode.c.objc; name = ViewController.m; path = ../../Ironman2/Ironman2/ViewController.m; sourceTree = "<group>"; };
		566D517922B33D5D00238B6E /* ViewController.h */ = {isa = PBXFileReference; fileEncoding = 4; lastKnownFileType = sourcecode.c.h; name = ViewController.h; path = ../../Ironman2/Ironman2/ViewController.h; sourceTree = "<group>"; };
		566D518022B33DD100238B6E /* MasterViewControllerTableViewController.h */ = {isa = PBXFileReference; lastKnownFileType = sourcecode.c.h; path = MasterViewControllerTableViewController.h; sourceTree = "<group>"; };
		566D518122B33DD100238B6E /* MasterViewControllerTableViewController.m */ = {isa = PBXFileReference; lastKnownFileType = sourcecode.c.objc; path = MasterViewControllerTableViewController.m; sourceTree = "<group>"; };
/* End PBXFileReference section */

/* Begin PBXFrameworksBuildPhase section */
		566D515322B33B2100238B6E /* Frameworks */ = {
			isa = PBXFrameworksBuildPhase;
			buildActionMask = 2147483647;
			files = (
				566D517C22B33D5D00238B6E /* AltusMappingEngine.framework in Frameworks */,
			);
			runOnlyForDeploymentPostprocessing = 0;
		};
/* End PBXFrameworksBuildPhase section */

/* Begin PBXGroup section */
		566D514D22B33B2100238B6E = {
			isa = PBXGroup;
			children = (
				566D515822B33B2100238B6E /* Ironman3 */,
				566D515722B33B2100238B6E /* Products */,
			);
			sourceTree = "<group>";
		};
		566D515722B33B2100238B6E /* Products */ = {
			isa = PBXGroup;
			children = (
				566D515622B33B2100238B6E /* Ironman3.app */,
			);
			name = Products;
			sourceTree = "<group>";
		};
		566D515822B33B2100238B6E /* Ironman3 */ = {
			isa = PBXGroup;
			children = (
				566D515922B33B2100238B6E /* AppDelegate.h */,
				566D515A22B33B2100238B6E /* AppDelegate.m */,
				566D517922B33D5D00238B6E /* ViewController.h */,
				566D515F22B33B2100238B6E /* Main.storyboard */,
				566D518022B33DD100238B6E /* MasterViewControllerTableViewController.h */,
				566D518122B33DD100238B6E /* MasterViewControllerTableViewController.m */,
				566D517722B33D5D00238B6E /* Airplane-Top-View-PNG-715x715.png */,
				566D517422B33D5D00238B6E /* AltusMappingEngine.framework */,
				566D517522B33D5D00238B6E /* DBManager.h */,
				566D517222B33D5D00238B6E /* DBManager.m */,
				566D517322B33D5D00238B6E /* f15_r12_RadarTrackData_traf.db */,
				566D517622B33D5D00238B6E /* nearby.png */,
				566D517822B33D5D00238B6E /* ViewController.m */,
				566D516522B33B2300238B6E /* Assets.xcassets */,
				566D516722B33B2300238B6E /* LaunchScreen.storyboard */,
				566D516A22B33B2300238B6E /* Info.plist */,
				566D516B22B33B2300238B6E /* main.m */,
				566D516222B33B2100238B6E /* Ironman3.xcdatamodeld */,
			);
			path = Ironman3;
			sourceTree = "<group>";
		};
/* End PBXGroup section */

/* Begin PBXNativeTarget section */
		566D515522B33B2100238B6E /* Ironman3 */ = {
			isa = PBXNativeTarget;
			buildConfigurationList = 566D516F22B33B2300238B6E /* Build configuration list for PBXNativeTarget "Ironman3" */;
			buildPhases = (
				566D515222B33B2100238B6E /* Sources */,
				566D515322B33B2100238B6E /* Frameworks */,
				566D515422B33B2100238B6E /* Resources */,
			);
			buildRules = (
			);
			dependencies = (
			);
			name = Ironman3;
			productName = Ironman3;
			productReference = 566D515622B33B2100238B6E /* Ironman3.app */;
			productType = "com.apple.product-type.application";
		};
/* End PBXNativeTarget section */

/* Begin PBXProject section */
		566D514E22B33B2100238B6E /* Project object */ = {
			isa = PBXProject;
			attributes = {
				LastUpgradeCheck = 1020;
				ORGANIZATIONNAME = "Aaron D'Souza";
				TargetAttributes = {
					566D515522B33B2100238B6E = {
						CreatedOnToolsVersion = 10.2.1;
					};
				};
			};
			buildConfigurationList = 566D515122B33B2100238B6E /* Build configuration list for PBXProject "Ironman3" */;
			compatibilityVersion = "Xcode 9.3";
			developmentRegion = en;
			hasScannedForEncodings = 0;
			knownRegions = (
				en,
				Base,
			);
			mainGroup = 566D514D22B33B2100238B6E;
			productRefGroup = 566D515722B33B2100238B6E /* Products */;
			projectDirPath = "";
			projectRoot = "";
			targets = (
				566D515522B33B2100238B6E /* Ironman3 */,
			);
		};
/* End PBXProject section */

/* Begin PBXResourcesBuildPhase section */
		566D515422B33B2100238B6E /* Resources */ = {
			isa = PBXResourcesBuildPhase;
			buildActionMask = 2147483647;
			files = (
				566D516922B33B2300238B6E /* LaunchScreen.storyboard in Resources */,
				566D517D22B33D5D00238B6E /* nearby.png in Resources */,
				566D516622B33B2300238B6E /* Assets.xcassets in Resources */,
				566D517E22B33D5D00238B6E /* Airplane-Top-View-PNG-715x715.png in Resources */,
				566D517B22B33D5D00238B6E /* f15_r12_RadarTrackData_traf.db in Resources */,
				566D516122B33B2100238B6E /* Main.storyboard in Resources */,
			);
			runOnlyForDeploymentPostprocessing = 0;
		};
/* End PBXResourcesBuildPhase section */

/* Begin PBXSourcesBuildPhase section */
		566D515222B33B2100238B6E /* Sources */ = {
			isa = PBXSourcesBuildPhase;
			buildActionMask = 2147483647;
			files = (
				566D518222B33DD100238B6E /* MasterViewControllerTableViewController.m in Sources */,
				566D517F22B33D5D00238B6E /* ViewController.m in Sources */,
				566D516422B33B2100238B6E /* Ironman3.xcdatamodeld in Sources */,
				566D516C22B33B2300238B6E /* main.m in Sources */,
				566D515B22B33B2100238B6E /* AppDelegate.m in Sources */,
				566D517A22B33D5D00238B6E /* DBManager.m in Sources */,
			);
			runOnlyForDeploymentPostprocessing = 0;
		};
/* End PBXSourcesBuildPhase section */

/* Begin PBXVariantGroup section */
		566D515F22B33B2100238B6E /* Main.storyboard */ = {
			isa = PBXVariantGroup;
			children = (
				566D516022B33B2100238B6E /* Base */,
			);
			name = Main.storyboard;
			sourceTree = "<group>";
		};
		566D516722B33B2300238B6E /* LaunchScreen.storyboard */ = {
			isa = PBXVariantGroup;
			children = (
				566D516822B33B2300238B6E /* Base */,
			);
			name = LaunchScreen.storyboard;
			sourceTree = "<group>";
		};
/* End PBXVariantGroup section */

/* Begin XCBuildConfiguration section */
		566D516D22B33B2300238B6E /* Debug */ = {
			isa = XCBuildConfiguration;
			buildSettings = {
				ALWAYS_SEARCH_USER_PATHS = NO;
				CLANG_ANALYZER_NONNULL = YES;
				CLANG_ANALYZER_NUMBER_OBJECT_CONVERSION = YES_AGGRESSIVE;
				CLANG_CXX_LANGUAGE_STANDARD = "gnu++14";
				CLANG_CXX_LIBRARY = "libc++";
				CLANG_ENABLE_MODULES = YES;
				CLANG_ENABLE_OBJC_ARC = YES;
				CLANG_ENABLE_OBJC_WEAK = YES;
				CLANG_WARN_BLOCK_CAPTURE_AUTORELEASING = YES;
				CLANG_WARN_BOOL_CONVERSION = YES;
				CLANG_WARN_COMMA = YES;
				CLANG_WARN_CONSTANT_CONVERSION = YES;
				CLANG_WARN_DEPRECATED_OBJC_IMPLEMENTATIONS = YES;
				CLANG_WARN_DIRECT_OBJC_ISA_USAGE = YES_ERROR;
				CLANG_WARN_DOCUMENTATION_COMMENTS = YES;
				CLANG_WARN_EMPTY_BODY = YES;
				CLANG_WARN_ENUM_CONVERSION = YES;
				CLANG_WARN_INFINITE_RECURSION = YES;
				CLANG_WARN_INT_CONVERSION = YES;
				CLANG_WARN_NON_LITERAL_NULL_CONVERSION = YES;
				CLANG_WARN_OBJC_IMPLICIT_RETAIN_SELF = YES;
				CLANG_WARN_OBJC_LITERAL_CONVERSION = YES;
				CLANG_WARN_OBJC_ROOT_CLASS = YES_ERROR;
				CLANG_WARN_RANGE_LOOP_ANALYSIS = YES;
				CLANG_WARN_STRICT_PROTOTYPES = YES;
				CLANG_WARN_SUSPICIOUS_MOVE = YES;
				CLANG_WARN_UNGUARDED_AVAILABILITY = YES_AGGRESSIVE;
				CLANG_WARN_UNREACHABLE_CODE = YES;
				CLANG_WARN__DUPLICATE_METHOD_MATCH = YES;
				CODE_SIGN_IDENTITY = "iPhone Developer";
				COPY_PHASE_STRIP = NO;
				DEBUG_INFORMATION_FORMAT = dwarf;
				ENABLE_STRICT_OBJC_MSGSEND = YES;
				ENABLE_TESTABILITY = YES;
				GCC_C_LANGUAGE_STANDARD = gnu11;
				GCC_DYNAMIC_NO_PIC = NO;
				GCC_NO_COMMON_BLOCKS = YES;
				GCC_OPTIMIZATION_LEVEL = 0;
				GCC_PREPROCESSOR_DEFINITIONS = (
					"DEBUG=1",
					"$(inherited)",
				);
				GCC_WARN_64_TO_32_BIT_CONVERSION = YES;
				GCC_WARN_ABOUT_RETURN_TYPE = YES_ERROR;
				GCC_WARN_UNDECLARED_SELECTOR = YES;
				GCC_WARN_UNINITIALIZED_AUTOS = YES_AGGRESSIVE;
				GCC_WARN_UNUSED_FUNCTION = YES;
				GCC_WARN_UNUSED_VARIABLE = YES;
				IPHONEOS_DEPLOYMENT_TARGET = 12.2;
				MTL_ENABLE_DEBUG_INFO = INCLUDE_SOURCE;
				MTL_FAST_MATH = YES;
				ONLY_ACTIVE_ARCH = YES;
				SDKROOT = iphoneos;
			};
			name = Debug;
		};
		566D516E22B33B2300238B6E /* Release */ = {
			isa = XCBuildConfiguration;
			buildSettings = {
				ALWAYS_SEARCH_USER_PATHS = NO;
				CLANG_ANALYZER_NONNULL = YES;
				CLANG_ANALYZER_NUMBER_OBJECT_CONVERSION = YES_AGGRESSIVE;
				CLANG_CXX_LANGUAGE_STANDARD = "gnu++14";
				CLANG_CXX_LIBRARY = "libc++";
				CLANG_ENABLE_MODULES = YES;
				CLANG_ENABLE_OBJC_ARC = YES;
				CLANG_ENABLE_OBJC_WEAK = YES;
				CLANG_WARN_BLOCK_CAPTURE_AUTORELEASING = YES;
				CLANG_WARN_BOOL_CONVERSION = YES;
				CLANG_WARN_COMMA = YES;
				CLANG_WARN_CONSTANT_CONVERSION = YES;
				CLANG_WARN_DEPRECATED_OBJC_IMPLEMENTATIONS = YES;
				CLANG_WARN_DIRECT_OBJC_ISA_USAGE = YES_ERROR;
				CLANG_WARN_DOCUMENTATION_COMMENTS = YES;
				CLANG_WARN_EMPTY_BODY = YES;
				CLANG_WARN_ENUM_CONVERSION = YES;
				CLANG_WARN_INFINITE_RECURSION = YES;
				CLANG_WARN_INT_CONVERSION = YES;
				CLANG_WARN_NON_LITERAL_NULL_CONVERSION = YES;
				CLANG_WARN_OBJC_IMPLICIT_RETAIN_SELF = YES;
				CLANG_WARN_OBJC_LITERAL_CONVERSION = YES;
				CLANG_WARN_OBJC_ROOT_CLASS = YES_ERROR;
				CLANG_WARN_RANGE_LOOP_ANALYSIS = YES;
				CLANG_WARN_STRICT_PROTOTYPES = YES;
				CLANG_WARN_SUSPICIOUS_MOVE = YES;
				CLANG_WARN_UNGUARDED_AVAILABILITY = YES_AGGRESSIVE;
				CLANG_WARN_UNREACHABLE_CODE = YES;
				CLANG_WARN__DUPLICATE_METHOD_MATCH = YES;
				CODE_SIGN_IDENTITY = "iPhone Developer";
				COPY_PHASE_STRIP = NO;
				DEBUG_INFORMATION_FORMAT = "dwarf-with-dsym";
				ENABLE_NS_ASSERTIONS = NO;
				ENABLE_STRICT_OBJC_MSGSEND = YES;
				GCC_C_LANGUAGE_STANDARD = gnu11;
				GCC_NO_COMMON_BLOCKS = YES;
				GCC_WARN_64_TO_32_BIT_CONVERSION = YES;
				GCC_WARN_ABOUT_RETURN_TYPE = YES_ERROR;
				GCC_WARN_UNDECLARED_SELECTOR = YES;
				GCC_WARN_UNINITIALIZED_AUTOS = YES_AGGRESSIVE;
				GCC_WARN_UNUSED_FUNCTION = YES;
				GCC_WARN_UNUSED_VARIABLE = YES;
				IPHONEOS_DEPLOYMENT_TARGET = 12.2;
				MTL_ENABLE_DEBUG_INFO = NO;
				MTL_FAST_MATH = YES;
				SDKROOT = iphoneos;
				VALIDATE_PRODUCT = YES;
			};
			name = Release;
		};
		566D517022B33B2300238B6E /* Debug */ = {
			isa = XCBuildConfiguration;
			buildSettings = {
				ASSETCATALOG_COMPILER_APPICON_NAME = AppIcon;
				CODE_SIGN_STYLE = Automatic;
				DEVELOPMENT_TEAM = 9ZKP4DVRJ8;
				FRAMEWORK_SEARCH_PATHS = (
					"$(inherited)",
					"$(PROJECT_DIR)/Ironman3",
				);
				INFOPLIST_FILE = Ironman3/Info.plist;
				LD_RUNPATH_SEARCH_PATHS = (
					"$(inherited)",
					"@executable_path/Frameworks",
				);
				PRODUCT_BUNDLE_IDENTIFIER = Honeywell.Ironman3;
				PRODUCT_NAME = "$(TARGET_NAME)";
				TARGETED_DEVICE_FAMILY = "1,2";
			};
			name = Debug;
		};
		566D517122B33B2300238B6E /* Release */ = {
			isa = XCBuildConfiguration;
			buildSettings = {
				ASSETCATALOG_COMPILER_APPICON_NAME = AppIcon;
				CODE_SIGN_STYLE = Automatic;
				DEVELOPMENT_TEAM = 9ZKP4DVRJ8;
				FRAMEWORK_SEARCH_PATHS = (
					"$(inherited)",
					"$(PROJECT_DIR)/Ironman3",
				);
				INFOPLIST_FILE = Ironman3/Info.plist;
				LD_RUNPATH_SEARCH_PATHS = (
					"$(inherited)",
					"@executable_path/Frameworks",
				);
				PRODUCT_BUNDLE_IDENTIFIER = Honeywell.Ironman3;
				PRODUCT_NAME = "$(TARGET_NAME)";
				TARGETED_DEVICE_FAMILY = "1,2";
			};
			name = Release;
		};
/* End XCBuildConfiguration section */

/* Begin XCConfigurationList section */
		566D515122B33B2100238B6E /* Build configuration list for PBXProject "Ironman3" */ = {
			isa = XCConfigurationList;
			buildConfigurations = (
				566D516D22B33B2300238B6E /* Debug */,
				566D516E22B33B2300238B6E /* Release */,
			);
			defaultConfigurationIsVisible = 0;
			defaultConfigurationName = Release;
		};
		566D516F22B33B2300238B6E /* Build configuration list for PBXNativeTarget "Ironman3" */ = {
			isa = XCConfigurationList;
			buildConfigurations = (
				566D517022B33B2300238B6E /* Debug */,
				566D517122B33B2300238B6E /* Release */,
			);
			defaultConfigurationIsVisible = 0;
			defaultConfigurationName = Release;
		};
/* End XCConfigurationList section */

/* Begin XCVersionGroup section */
		566D516222B33B2100238B6E /* Ironman3.xcdatamodeld */ = {
			isa = XCVersionGroup;
			children = (
				566D516322B33B2100238B6E /* Ironman3.xcdatamodel */,
			);
			currentVersion = 566D516322B33B2100238B6E /* Ironman3.xcdatamodel */;
			path = Ironman3.xcdatamodeld;
			sourceTree = "<group>";
			versionGroupType = wrapper.xcdatamodel;
		};
/* End XCVersionGroup section */
	};
	rootObject = 566D514E22B33B2100238B6E /* Project object */;
}
